// !$*UTF8*$!
{
	archiveVersion = 1;
	classes = {
	};
	objectVersion = 51;
	objects = {

/* Begin PBXBuildFile section */
		6CCA3A8F5578C89555E99D6B /* Pods_WhatToDo.framework in Frameworks */ = {isa = PBXBuildFile; fileRef = 16268B31978DC2FF6FA9DECA /* Pods_WhatToDo.framework */; };
		FA8ABEA922C3FBD6006E21A5 /* Item.swift in Sources */ = {isa = PBXBuildFile; fileRef = FA8ABEA822C3FBD6006E21A5 /* Item.swift */; };
		FA8ABEAB22C3FBE1006E21A5 /* Category.swift in Sources */ = {isa = PBXBuildFile; fileRef = FA8ABEAA22C3FBE1006E21A5 /* Category.swift */; };
		FAC1BCF122BAABF9006EEBE1 /* AppDelegate.swift in Sources */ = {isa = PBXBuildFile; fileRef = FAC1BCF022BAABF9006EEBE1 /* AppDelegate.swift */; };
		FAC1BCF322BAABF9006EEBE1 /* TodoListViewController.swift in Sources */ = {isa = PBXBuildFile; fileRef = FAC1BCF222BAABF9006EEBE1 /* TodoListViewController.swift */; };
		FAC1BCF622BAABF9006EEBE1 /* Main.storyboard in Resources */ = {isa = PBXBuildFile; fileRef = FAC1BCF422BAABF9006EEBE1 /* Main.storyboard */; };
		FAC1BCF822BAABFA006EEBE1 /* Assets.xcassets in Resources */ = {isa = PBXBuildFile; fileRef = FAC1BCF722BAABFA006EEBE1 /* Assets.xcassets */; };
		FAC1BCFB22BAABFA006EEBE1 /* LaunchScreen.storyboard in Resources */ = {isa = PBXBuildFile; fileRef = FAC1BCF922BAABFA006EEBE1 /* LaunchScreen.storyboard */; };
		FACC3F7E22BE1D4100A416A4 /* CategoryViewController.swift in Sources */ = {isa = PBXBuildFile; fileRef = FACC3F7D22BE1D4100A416A4 /* CategoryViewController.swift */; };
/* End PBXBuildFile section */

/* Begin PBXFileReference section */
		16268B31978DC2FF6FA9DECA /* Pods_WhatToDo.framework */ = {isa = PBXFileReference; explicitFileType = wrapper.framework; includeInIndex = 0; path = Pods_WhatToDo.framework; sourceTree = BUILT_PRODUCTS_DIR; };
		6F417FFE3D0506A9E20822AB /* Pods-WhatToDo.debug.xcconfig */ = {isa = PBXFileReference; includeInIndex = 1; lastKnownFileType = text.xcconfig; name = "Pods-WhatToDo.debug.xcconfig"; path = "Target Support Files/Pods-WhatToDo/Pods-WhatToDo.debug.xcconfig"; sourceTree = "<group>"; };
		71596568A23ECD1DFB5BFB11 /* Pods-WhatToDo.release.xcconfig */ = {isa = PBXFileReference; includeInIndex = 1; lastKnownFileType = text.xcconfig; name = "Pods-WhatToDo.release.xcconfig"; path = "Target Support Files/Pods-WhatToDo/Pods-WhatToDo.release.xcconfig"; sourceTree = "<group>"; };
		FA8ABEA822C3FBD6006E21A5 /* Item.swift */ = {isa = PBXFileReference; lastKnownFileType = sourcecode.swift; path = Item.swift; sourceTree = "<group>"; };
		FA8ABEAA22C3FBE1006E21A5 /* Category.swift */ = {isa = PBXFileReference; lastKnownFileType = sourcecode.swift; path = Category.swift; sourceTree = "<group>"; };
		FAC1BCED22BAABF9006EEBE1 /* WhatToDo.app */ = {isa = PBXFileReference; explicitFileType = wrapper.application; includeInIndex = 0; path = WhatToDo.app; sourceTree = BUILT_PRODUCTS_DIR; };
		FAC1BCF022BAABF9006EEBE1 /* AppDelegate.swift */ = {isa = PBXFileReference; lastKnownFileType = sourcecode.swift; path = AppDelegate.swift; sourceTree = "<group>"; };
		FAC1BCF222BAABF9006EEBE1 /* TodoListViewController.swift */ = {isa = PBXFileReference; lastKnownFileType = sourcecode.swift; path = TodoListViewController.swift; sourceTree = "<group>"; };
		FAC1BCF522BAABF9006EEBE1 /* Base */ = {isa = PBXFileReference; lastKnownFileType = file.storyboard; name = Base; path = Base.lproj/Main.storyboard; sourceTree = "<group>"; };
		FAC1BCF722BAABFA006EEBE1 /* Assets.xcassets */ = {isa = PBXFileReference; lastKnownFileType = folder.assetcatalog; path = Assets.xcassets; sourceTree = "<group>"; };
		FAC1BCFA22BAABFA006EEBE1 /* Base */ = {isa = PBXFileReference; lastKnownFileType = file.storyboard; name = Base; path = Base.lproj/LaunchScreen.storyboard; sourceTree = "<group>"; };
		FAC1BCFC22BAABFA006EEBE1 /* Info.plist */ = {isa = PBXFileReference; lastKnownFileType = text.plist.xml; path = Info.plist; sourceTree = "<group>"; };
		FACC3F7D22BE1D4100A416A4 /* CategoryViewController.swift */ = {isa = PBXFileReference; lastKnownFileType = sourcecode.swift; path = CategoryViewController.swift; sourceTree = "<group>"; };
/* End PBXFileReference section */

/* Begin PBXFrameworksBuildPhase section */
		FAC1BCEA22BAABF9006EEBE1 /* Frameworks */ = {
			isa = PBXFrameworksBuildPhase;
			buildActionMask = 2147483647;
			files = (
				6CCA3A8F5578C89555E99D6B /* Pods_WhatToDo.framework in Frameworks */,
			);
			runOnlyForDeploymentPostprocessing = 0;
		};
/* End PBXFrameworksBuildPhase section */

/* Begin PBXGroup section */
		124278A44344A522B71AAB34 /* Pods */ = {
			isa = PBXGroup;
			children = (
				6F417FFE3D0506A9E20822AB /* Pods-WhatToDo.debug.xcconfig */,
				71596568A23ECD1DFB5BFB11 /* Pods-WhatToDo.release.xcconfig */,
			);
			path = Pods;
			sourceTree = "<group>";
		};
		92C8C310BDBC3425B9C5EAC4 /* Frameworks */ = {
			isa = PBXGroup;
			children = (
				16268B31978DC2FF6FA9DECA /* Pods_WhatToDo.framework */,
			);
			name = Frameworks;
			sourceTree = "<group>";
		};
		FAC1BCE422BAABF9006EEBE1 = {
			isa = PBXGroup;
			children = (
				FAC1BCEF22BAABF9006EEBE1 /* WhatToDo */,
				FAC1BCEE22BAABF9006EEBE1 /* Products */,
				124278A44344A522B71AAB34 /* Pods */,
				92C8C310BDBC3425B9C5EAC4 /* Frameworks */,
			);
			sourceTree = "<group>";
		};
		FAC1BCEE22BAABF9006EEBE1 /* Products */ = {
			isa = PBXGroup;
			children = (
				FAC1BCED22BAABF9006EEBE1 /* WhatToDo.app */,
			);
			name = Products;
			sourceTree = "<group>";
		};
		FAC1BCEF22BAABF9006EEBE1 /* WhatToDo */ = {
			isa = PBXGroup;
			children = (
				FAC1BCF022BAABF9006EEBE1 /* AppDelegate.swift */,
				FACC3F5522BAFF3500A416A4 /* Data Model */,
				FACC3F5622BAFF4600A416A4 /* Views */,
				FACC3F5722BAFF5400A416A4 /* Controllers */,
				FACC3F5822BAFF7900A416A4 /* Supporting Files */,
				FAC1BCFC22BAABFA006EEBE1 /* Info.plist */,
			);
			path = WhatToDo;
			sourceTree = "<group>";
		};
		FACC3F5522BAFF3500A416A4 /* Data Model */ = {
			isa = PBXGroup;
			children = (
				FA8ABEAA22C3FBE1006E21A5 /* Category.swift */,
				FA8ABEA822C3FBD6006E21A5 /* Item.swift */,
			);
			path = "Data Model";
			sourceTree = "<group>";
		};
		FACC3F5622BAFF4600A416A4 /* Views */ = {
			isa = PBXGroup;
			children = (
				FAC1BCF422BAABF9006EEBE1 /* Main.storyboard */,
			);
			path = Views;
			sourceTree = "<group>";
		};
		FACC3F5722BAFF5400A416A4 /* Controllers */ = {
			isa = PBXGroup;
			children = (
				FACC3F7D22BE1D4100A416A4 /* CategoryViewController.swift */,
				FAC1BCF222BAABF9006EEBE1 /* TodoListViewController.swift */,
			);
			path = Controllers;
			sourceTree = "<group>";
		};
		FACC3F5822BAFF7900A416A4 /* Supporting Files */ = {
			isa = PBXGroup;
			children = (
				FAC1BCF722BAABFA006EEBE1 /* Assets.xcassets */,
				FAC1BCF922BAABFA006EEBE1 /* LaunchScreen.storyboard */,
			);
			path = "Supporting Files";
			sourceTree = "<group>";
		};
/* End PBXGroup section */

/* Begin PBXNativeTarget section */
		FAC1BCEC22BAABF9006EEBE1 /* WhatToDo */ = {
			isa = PBXNativeTarget;
			buildConfigurationList = FAC1BCFF22BAABFA006EEBE1 /* Build configuration list for PBXNativeTarget "WhatToDo" */;
			buildPhases = (
				6A2E411E7011D20C705C7189 /* [CP] Check Pods Manifest.lock */,
				FAC1BCE922BAABF9006EEBE1 /* Sources */,
				FAC1BCEA22BAABF9006EEBE1 /* Frameworks */,
				FAC1BCEB22BAABF9006EEBE1 /* Resources */,
				D5A6AC7CA05530E02C9C6526 /* [CP] Embed Pods Frameworks */,
			);
			buildRules = (
			);
			dependencies = (
			);
			name = WhatToDo;
			productName = WhatToDo;
			productReference = FAC1BCED22BAABF9006EEBE1 /* WhatToDo.app */;
			productType = "com.apple.product-type.application";
		};
/* End PBXNativeTarget section */

/* Begin PBXProject section */
		FAC1BCE522BAABF9006EEBE1 /* Project object */ = {
			isa = PBXProject;
			attributes = {
				LastSwiftUpdateCheck = 1020;
				LastUpgradeCheck = 1020;
				ORGANIZATIONNAME = "Alexander Reitz";
				TargetAttributes = {
					FAC1BCEC22BAABF9006EEBE1 = {
						CreatedOnToolsVersion = 10.2.1;
					};
				};
			};
			buildConfigurationList = FAC1BCE822BAABF9006EEBE1 /* Build configuration list for PBXProject "WhatToDo" */;
			compatibilityVersion = "Xcode 9.3";
			developmentRegion = en;
			hasScannedForEncodings = 0;
			knownRegions = (
				en,
				Base,
			);
			mainGroup = FAC1BCE422BAABF9006EEBE1;
			productRefGroup = FAC1BCEE22BAABF9006EEBE1 /* Products */;
			projectDirPath = "";
			projectRoot = "";
			targets = (
				FAC1BCEC22BAABF9006EEBE1 /* WhatToDo */,
			);
		};
/* End PBXProject section */

/* Begin PBXResourcesBuildPhase section */
		FAC1BCEB22BAABF9006EEBE1 /* Resources */ = {
			isa = PBXResourcesBuildPhase;
			buildActionMask = 2147483647;
			files = (
				FAC1BCFB22BAABFA006EEBE1 /* LaunchScreen.storyboard in Resources */,
				FAC1BCF822BAABFA006EEBE1 /* Assets.xcassets in Resources */,
				FAC1BCF622BAABF9006EEBE1 /* Main.storyboard in Resources */,
			);
			runOnlyForDeploymentPostprocessing = 0;
		};
/* End PBXResourcesBuildPhase section */

/* Begin PBXShellScriptBuildPhase section */
		6A2E411E7011D20C705C7189 /* [CP] Check Pods Manifest.lock */ = {
			isa = PBXShellScriptBuildPhase;
			buildActionMask = 2147483647;
			files = (
			);
			inputFileListPaths = (
			);
			inputPaths = (
				"${PODS_PODFILE_DIR_PATH}/Podfile.lock",
				"${PODS_ROOT}/Manifest.lock",
			);
			name = "[CP] Check Pods Manifest.lock";
			outputFileListPaths = (
			);
			outputPaths = (
				"$(DERIVED_FILE_DIR)/Pods-WhatToDo-checkManifestLockResult.txt",
			);
			runOnlyForDeploymentPostprocessing = 0;
			shellPath = /bin/sh;
			shellScript = "diff \"${PODS_PODFILE_DIR_PATH}/Podfile.lock\" \"${PODS_ROOT}/Manifest.lock\" > /dev/null\nif [ $? != 0 ] ; then\n    # print error to STDERR\n    echo \"error: The sandbox is not in sync with the Podfile.lock. Run 'pod install' or update your CocoaPods installation.\" >&2\n    exit 1\nfi\n# This output is used by Xcode 'outputs' to avoid re-running this script phase.\necho \"SUCCESS\" > \"${SCRIPT_OUTPUT_FILE_0}\"\n";
			showEnvVarsInLog = 0;
		};
		D5A6AC7CA05530E02C9C6526 /* [CP] Embed Pods Frameworks */ = {
			isa = PBXShellScriptBuildPhase;
			buildActionMask = 2147483647;
			files = (
			);
			inputFileListPaths = (
				"${PODS_ROOT}/Target Support Files/Pods-WhatToDo/Pods-WhatToDo-frameworks-${CONFIGURATION}-input-files.xcfilelist",
			);
			name = "[CP] Embed Pods Frameworks";
			outputFileListPaths = (
				"${PODS_ROOT}/Target Support Files/Pods-WhatToDo/Pods-WhatToDo-frameworks-${CONFIGURATION}-output-files.xcfilelist",
			);
			runOnlyForDeploymentPostprocessing = 0;
			shellPath = /bin/sh;
			shellScript = "\"${PODS_ROOT}/Target Support Files/Pods-WhatToDo/Pods-WhatToDo-frameworks.sh\"\n";
			showEnvVarsInLog = 0;
		};
/* End PBXShellScriptBuildPhase section */

/* Begin PBXSourcesBuildPhase section */
		FAC1BCE922BAABF9006EEBE1 /* Sources */ = {
			isa = PBXSourcesBuildPhase;
			buildActionMask = 2147483647;
			files = (
				FA8ABEA922C3FBD6006E21A5 /* Item.swift in Sources */,
				FACC3F7E22BE1D4100A416A4 /* CategoryViewController.swift in Sources */,
				FAC1BCF322BAABF9006EEBE1 /* TodoListViewController.swift in Sources */,
				FAC1BCF122BAABF9006EEBE1 /* AppDelegate.swift in Sources */,
				FA8ABEAB22C3FBE1006E21A5 /* Category.swift in Sources */,
			);
			runOnlyForDeploymentPostprocessing = 0;
		};
/* End PBXSourcesBuildPhase section */

/* Begin PBXVariantGroup section */
		FAC1BCF422BAABF9006EEBE1 /* Main.storyboard */ = {
			isa = PBXVariantGroup;
			children = (
				FAC1BCF522BAABF9006EEBE1 /* Base */,
			);
			name = Main.storyboard;
			sourceTree = "<group>";
		};
		FAC1BCF922BAABFA006EEBE1 /* LaunchScreen.storyboard */ = {
			isa = PBXVariantGroup;
			children = (
				FAC1BCFA22BAABFA006EEBE1 /* Base */,
			);
			name = LaunchScreen.storyboard;
			sourceTree = "<group>";
		};
/* End PBXVariantGroup section */

/* Begin XCBuildConfiguration section */
		FAC1BCFD22BAABFA006EEBE1 /* Debug */ = {
			isa = XCBuildConfiguration;
			buildSettings = {
				ALWAYS_SEARCH_USER_PATHS = NO;
				CLANG_ANALYZER_NONNULL = YES;
				CLANG_ANALYZER_NUMBER_OBJECT_CONVERSION = YES_AGGRESSIVE;
				CLANG_CXX_LANGUAGE_STANDARD = "gnu++14";
				CLANG_CXX_LIBRARY = "libc++";
				CLANG_ENABLE_MODULES = YES;
				CLANG_ENABLE_OBJC_ARC = YES;
				CLANG_ENABLE_OBJC_WEAK = YES;
				CLANG_WARN_BLOCK_CAPTURE_AUTORELEASING = YES;
				CLANG_WARN_BOOL_CONVERSION = YES;
				CLANG_WARN_COMMA = YES;
				CLANG_WARN_CONSTANT_CONVERSION = YES;
				CLANG_WARN_DEPRECATED_OBJC_IMPLEMENTATIONS = YES;
				CLANG_WARN_DIRECT_OBJC_ISA_USAGE = YES_ERROR;
				CLANG_WARN_DOCUMENTATION_COMMENTS = YES;
				CLANG_WARN_EMPTY_BODY = YES;
				CLANG_WARN_ENUM_CONVERSION = YES;
				CLANG_WARN_INFINITE_RECURSION = YES;
				CLANG_WARN_INT_CONVERSION = YES;
				CLANG_WARN_NON_LITERAL_NULL_CONVERSION = YES;
				CLANG_WARN_OBJC_IMPLICIT_RETAIN_SELF = YES;
				CLANG_WARN_OBJC_LITERAL_CONVERSION = YES;
				CLANG_WARN_OBJC_ROOT_CLASS = YES_ERROR;
				CLANG_WARN_RANGE_LOOP_ANALYSIS = YES;
				CLANG_WARN_STRICT_PROTOTYPES = YES;
				CLANG_WARN_SUSPICIOUS_MOVE = YES;
				CLANG_WARN_UNGUARDED_AVAILABILITY = YES_AGGRESSIVE;
				CLANG_WARN_UNREACHABLE_CODE = YES;
				CLANG_WARN__DUPLICATE_METHOD_MATCH = YES;
				CODE_SIGN_IDENTITY = "iPhone Developer";
				COPY_PHASE_STRIP = NO;
				DEBUG_INFORMATION_FORMAT = dwarf;
				ENABLE_STRICT_OBJC_MSGSEND = YES;
				ENABLE_TESTABILITY = YES;
				GCC_C_LANGUAGE_STANDARD = gnu11;
				GCC_DYNAMIC_NO_PIC = NO;
				GCC_NO_COMMON_BLOCKS = YES;
				GCC_OPTIMIZATION_LEVEL = 0;
				GCC_PREPROCESSOR_DEFINITIONS = (
					"DEBUG=1",
					"$(inherited)",
				);
				GCC_WARN_64_TO_32_BIT_CONVERSION = YES;
				GCC_WARN_ABOUT_RETURN_TYPE = YES_ERROR;
				GCC_WARN_UNDECLARED_SELECTOR = YES;
				GCC_WARN_UNINITIALIZED_AUTOS = YES_AGGRESSIVE;
				GCC_WARN_UNUSED_FUNCTION = YES;
				GCC_WARN_UNUSED_VARIABLE = YES;
				IPHONEOS_DEPLOYMENT_TARGET = 12.2;
				MTL_ENABLE_DEBUG_INFO = INCLUDE_SOURCE;
				MTL_FAST_MATH = YES;
				ONLY_ACTIVE_ARCH = YES;
				SDKROOT = iphoneos;
				SWIFT_ACTIVE_COMPILATION_CONDITIONS = DEBUG;
				SWIFT_OPTIMIZATION_LEVEL = "-Onone";
			};
			name = Debug;
		};
		FAC1BCFE22BAABFA006EEBE1 /* Release */ = {
			isa = XCBuildConfiguration;
			buildSettings = {
				ALWAYS_SEARCH_USER_PATHS = NO;
				CLANG_ANALYZER_NONNULL = YES;
				CLANG_ANALYZER_NUMBER_OBJECT_CONVERSION = YES_AGGRESSIVE;
				CLANG_CXX_LANGUAGE_STANDARD = "gnu++14";
				CLANG_CXX_LIBRARY = "libc++";
				CLANG_ENABLE_MODULES = YES;
				CLANG_ENABLE_OBJC_ARC = YES;
				CLANG_ENABLE_OBJC_WEAK = YES;
				CLANG_WARN_BLOCK_CAPTURE_AUTORELEASING = YES;
				CLANG_WARN_BOOL_CONVERSION = YES;
				CLANG_WARN_COMMA = YES;
				CLANG_WARN_CONSTANT_CONVERSION = YES;
				CLANG_WARN_DEPRECATED_OBJC_IMPLEMENTATIONS = YES;
				CLANG_WARN_DIRECT_OBJC_ISA_USAGE = YES_ERROR;
				CLANG_WARN_DOCUMENTATION_COMMENTS = YES;
				CLANG_WARN_EMPTY_BODY = YES;
				CLANG_WARN_ENUM_CONVERSION = YES;
				CLANG_WARN_INFINITE_RECURSION = YES;
				CLANG_WARN_INT_CONVERSION = YES;
				CLANG_WARN_NON_LITERAL_NULL_CONVERSION = YES;
				CLANG_WARN_OBJC_IMPLICIT_RETAIN_SELF = YES;
				CLANG_WARN_OBJC_LITERAL_CONVERSION = YES;
				CLANG_WARN_OBJC_ROOT_CLASS = YES_ERROR;
				CLANG_WARN_RANGE_LOOP_ANALYSIS = YES;
				CLANG_WARN_STRICT_PROTOTYPES = YES;
				CLANG_WARN_SUSPICIOUS_MOVE = YES;
				CLANG_WARN_UNGUARDED_AVAILABILITY = YES_AGGRESSIVE;
				CLANG_WARN_UNREACHABLE_CODE = YES;
				CLANG_WARN__DUPLICATE_METHOD_MATCH = YES;
				CODE_SIGN_IDENTITY = "iPhone Developer";
				COPY_PHASE_STRIP = NO;
				DEBUG_INFORMATION_FORMAT = "dwarf-with-dsym";
				ENABLE_NS_ASSERTIONS = NO;
				ENABLE_STRICT_OBJC_MSGSEND = YES;
				GCC_C_LANGUAGE_STANDARD = gnu11;
				GCC_NO_COMMON_BLOCKS = YES;
				GCC_WARN_64_TO_32_BIT_CONVERSION = YES;
				GCC_WARN_ABOUT_RETURN_TYPE = YES_ERROR;
				GCC_WARN_UNDECLARED_SELECTOR = YES;
				GCC_WARN_UNINITIALIZED_AUTOS = YES_AGGRESSIVE;
				GCC_WARN_UNUSED_FUNCTION = YES;
				GCC_WARN_UNUSED_VARIABLE = YES;
				IPHONEOS_DEPLOYMENT_TARGET = 12.2;
				MTL_ENABLE_DEBUG_INFO = NO;
				MTL_FAST_MATH = YES;
				SDKROOT = iphoneos;
				SWIFT_COMPILATION_MODE = wholemodule;
				SWIFT_OPTIMIZATION_LEVEL = "-O";
				VALIDATE_PRODUCT = YES;
			};
			name = Release;
		};
		FAC1BD0022BAABFA006EEBE1 /* Debug */ = {
			isa = XCBuildConfiguration;
			baseConfigurationReference = 6F417FFE3D0506A9E20822AB /* Pods-WhatToDo.debug.xcconfig */;
			buildSettings = {
				ASSETCATALOG_COMPILER_APPICON_NAME = AppIcon;
				CODE_SIGN_STYLE = Automatic;
				DEVELOPMENT_TEAM = N5XNNJ28ZJ;
				INFOPLIST_FILE = "$(SRCROOT)/WhatToDo/Info.plist";
				LD_RUNPATH_SEARCH_PATHS = (
					"$(inherited)",
					"@executable_path/Frameworks",
				);
				PRODUCT_BUNDLE_IDENTIFIER = me.lenspired.apps.WhatToDo;
				PRODUCT_NAME = "$(TARGET_NAME)";
				SWIFT_VERSION = 5.0;
				TARGETED_DEVICE_FAMILY = "1,2";
			};
			name = Debug;
		};
		FAC1BD0122BAABFA006EEBE1 /* Release */ = {
			isa = XCBuildConfiguration;
			baseConfigurationReference = 71596568A23ECD1DFB5BFB11 /* Pods-WhatToDo.release.xcconfig */;
			buildSettings = {
				ASSETCATALOG_COMPILER_APPICON_NAME = AppIcon;
				CODE_SIGN_STYLE = Automatic;
				DEVELOPMENT_TEAM = N5XNNJ28ZJ;
				INFOPLIST_FILE = "$(SRCROOT)/WhatToDo/Info.plist";
				LD_RUNPATH_SEARCH_PATHS = (
					"$(inherited)",
					"@executable_path/Frameworks",
				);
				PRODUCT_BUNDLE_IDENTIFIER = me.lenspired.apps.WhatToDo;
				PRODUCT_NAME = "$(TARGET_NAME)";
				SWIFT_VERSION = 5.0;
				TARGETED_DEVICE_FAMILY = "1,2";
			};
			name = Release;
		};
/* End XCBuildConfiguration section */

/* Begin XCConfigurationList section */
		FAC1BCE822BAABF9006EEBE1 /* Build configuration list for PBXProject "WhatToDo" */ = {
			isa = XCConfigurationList;
			buildConfigurations = (
				FAC1BCFD22BAABFA006EEBE1 /* Debug */,
				FAC1BCFE22BAABFA006EEBE1 /* Release */,
			);
			defaultConfigurationIsVisible = 0;
			defaultConfigurationName = Release;
		};
		FAC1BCFF22BAABFA006EEBE1 /* Build configuration list for PBXNativeTarget "WhatToDo" */ = {
			isa = XCConfigurationList;
			buildConfigurations = (
				FAC1BD0022BAABFA006EEBE1 /* Debug */,
				FAC1BD0122BAABFA006EEBE1 /* Release */,
			);
			defaultConfigurationIsVisible = 0;
			defaultConfigurationName = Release;
		};
/* End XCConfigurationList section */
	};
	rootObject = FAC1BCE522BAABF9006EEBE1 /* Project object */;
}
